
Microsoft Visual Studio Solution File, Format Version 12.00
# Visual Studio Version 16
VisualStudioVersion = 16.0.31112.23
MinimumVisualStudioVersion = 10.0.40219.1
Project("{8BC9CEB8-8B4A-11D0-8D11-00A0C91BC942}") = "알고리즘및실습 12주차 실습 - 방향그래프", "알고리즘및실습 12주차 실습 - 방향그래프\알고리즘및실습 12주차 실습 - 방향그래프.vcxproj", "{4B38BA8C-6FA3-442A-A9BF-FA6835955789}"
EndProject
Global
	GlobalSection(SolutionConfigurationPlatforms) = preSolution
		Debug|x64 = Debug|x64
		Debug|x86 = Debug|x86
		Release|x64 = Release|x64
		Release|x86 = Release|x86
	EndGlobalSection
	GlobalSection(ProjectConfigurationPlatforms) = postSolution
		{4B38BA8C-6FA3-442A-A9BF-FA6835955789}.Debug|x64.ActiveCfg = Debug|x64
		{4B38BA8C-6FA3-442A-A9BF-FA6835955789}.Debug|x64.Build.0 = Debug|x64
		{4B38BA8C-6FA3-442A-A9BF-FA6835955789}.Debug|x86.ActiveCfg = Debug|Win32
		{4B38BA8C-6FA3-442A-A9BF-FA6835955789}.Debug|x86.Build.0 = Debug|Win32
		{4B38BA8C-6FA3-442A-A9BF-FA6835955789}.Release|x64.ActiveCfg = Release|x64
		{4B38BA8C-6FA3-442A-A9BF-FA6835955789}.Release|x64.Build.0 = Release|x64
		{4B38BA8C-6FA3-442A-A9BF-FA6835955789}.Release|x86.ActiveCfg = Release|Win32
		{4B38BA8C-6FA3-442A-A9BF-FA6835955789}.Release|x86.Build.0 = Release|Win32
	EndGlobalSection
	GlobalSection(SolutionProperties) = preSolution
		HideSolutionNode = FALSE
	EndGlobalSection
	GlobalSection(ExtensibilityGlobals) = postSolution
		SolutionGuid = {687F31AD-5BF2-4678-A549-3AF9AE64C3A1}
	EndGlobalSection
EndGlobal
